{
  "originHash" : "96af005416a9f520e2e7a177aefee9e01ee1775618fdd22e5589309cacf2a7e4",
  "pins" : [
    {
      "identity" : "wwlocationmanager",
      "kind" : "remoteSourceControl",
      "location" : "https://github.com/William-Weng/WWLocationManager",
      "state" : {
        "revision" : "bf37f9ed9c7b61dfc6fe9d33feab47a31831affc",
        "version" : "1.0.1"
      }
    }
  ],
  "version" : 3
}
