{
  "originHash" : "96af005416a9f520e2e7a177aefee9e01ee1775618fdd22e5589309cacf2a7e4",
  "pins" : [
    {
      "identity" : "wwlocationmanager",
      "kind" : "remoteSourceControl",
      "location" : "https://github.com/William-Weng/WWLocationManager",
      "state" : {
        "revision" : "7c933691302cd65aa5f9bb7e09b9620a5158a9f4",
        "version" : "1.0.2"
      }
    }
  ],
  "version" : 3
}
